
Microsoft Visual Studio Solution File, Format Version 12.00
# Visual Studio 2017
Project("{FAE04EC0-301F-11D3-BF4B-00C04F79EFBC}") = "Game AI", "Game AI.csproj", "{DEF995C9-0679-47A4-988B-46CB242BE766}"
EndProject
Project("{FAE04EC0-301F-11D3-BF4B-00C04F79EFBC}") = "Game AI.Editor", "Game AI.Editor.csproj", "{C83B126A-958E-E100-8BC6-6A85513FF5E8}"
EndProject
Global
	GlobalSection(SolutionConfigurationPlatforms) = preSolution
		Debug|Any CPU = Debug|Any CPU
		Release|Any CPU = Release|Any CPU
	EndGlobalSection
	GlobalSection(ProjectConfigurationPlatforms) = postSolution
		{DEF995C9-0679-47A4-988B-46CB242BE766}.Debug|Any CPU.ActiveCfg = Debug|Any CPU
		{DEF995C9-0679-47A4-988B-46CB242BE766}.Debug|Any CPU.Build.0 = Debug|Any CPU
		{DEF995C9-0679-47A4-988B-46CB242BE766}.Release|Any CPU.ActiveCfg = Release|Any CPU
		{DEF995C9-0679-47A4-988B-46CB242BE766}.Release|Any CPU.Build.0 = Release|Any CPU
		{C83B126A-958E-E100-8BC6-6A85513FF5E8}.Debug|Any CPU.ActiveCfg = Debug|Any CPU
		{C83B126A-958E-E100-8BC6-6A85513FF5E8}.Debug|Any CPU.Build.0 = Debug|Any CPU
		{C83B126A-958E-E100-8BC6-6A85513FF5E8}.Release|Any CPU.ActiveCfg = Release|Any CPU
		{C83B126A-958E-E100-8BC6-6A85513FF5E8}.Release|Any CPU.Build.0 = Release|Any CPU
	EndGlobalSection
	GlobalSection(SolutionProperties) = preSolution
		HideSolutionNode = FALSE
	EndGlobalSection
EndGlobal
